
Microsoft Visual Studio Solution File, Format Version 12.00
# Visual Studio 2012
Project("{FAE04EC0-301F-11D3-BF4B-00C04F79EFBC}") = "1.2.13. ArtistsAlbums", "XML\1.2.13. ArtistsAlbums.csproj", "{71709634-CB66-44C8-8FD8-75C73BD035E0}"
EndProject
Project("{FAE04EC0-301F-11D3-BF4B-00C04F79EFBC}") = "3. XPath", "3. XPath\3. XPath.csproj", "{899BC04A-0016-4DE0-9A13-901C1B55C0B1}"
EndProject
Project("{FAE04EC0-301F-11D3-BF4B-00C04F79EFBC}") = "4. Delete", "4. Delete\4. Delete.csproj", "{3C20E51D-4F5C-4F12-8AE7-12624DE309D0}"
EndProject
Project("{FAE04EC0-301F-11D3-BF4B-00C04F79EFBC}") = "5. XMLReader", "5. XMLReader\5. XMLReader.csproj", "{A547570F-D46D-4414-9B55-159CFB912D5A}"
EndProject
Project("{FAE04EC0-301F-11D3-BF4B-00C04F79EFBC}") = "11. ExtractPrice", "11. ExtractPrice\11. ExtractPrice.csproj", "{E21ED5B7-C250-46E3-BCF2-DD9A06AC359D}"
EndProject
Project("{FAE04EC0-301F-11D3-BF4B-00C04F79EFBC}") = "12. ExtractPriceLINQ", "12. ExtractPriceLINQ\12. ExtractPriceLINQ.csproj", "{1B10C554-53B0-4878-B934-A99B1DD11567}"
EndProject
Global
	GlobalSection(SolutionConfigurationPlatforms) = preSolution
		Debug|Any CPU = Debug|Any CPU
		Release|Any CPU = Release|Any CPU
	EndGlobalSection
	GlobalSection(ProjectConfigurationPlatforms) = postSolution
		{71709634-CB66-44C8-8FD8-75C73BD035E0}.Debug|Any CPU.ActiveCfg = Debug|Any CPU
		{71709634-CB66-44C8-8FD8-75C73BD035E0}.Debug|Any CPU.Build.0 = Debug|Any CPU
		{71709634-CB66-44C8-8FD8-75C73BD035E0}.Release|Any CPU.ActiveCfg = Release|Any CPU
		{71709634-CB66-44C8-8FD8-75C73BD035E0}.Release|Any CPU.Build.0 = Release|Any CPU
		{899BC04A-0016-4DE0-9A13-901C1B55C0B1}.Debug|Any CPU.ActiveCfg = Debug|Any CPU
		{899BC04A-0016-4DE0-9A13-901C1B55C0B1}.Debug|Any CPU.Build.0 = Debug|Any CPU
		{899BC04A-0016-4DE0-9A13-901C1B55C0B1}.Release|Any CPU.ActiveCfg = Release|Any CPU
		{899BC04A-0016-4DE0-9A13-901C1B55C0B1}.Release|Any CPU.Build.0 = Release|Any CPU
		{3C20E51D-4F5C-4F12-8AE7-12624DE309D0}.Debug|Any CPU.ActiveCfg = Debug|Any CPU
		{3C20E51D-4F5C-4F12-8AE7-12624DE309D0}.Debug|Any CPU.Build.0 = Debug|Any CPU
		{3C20E51D-4F5C-4F12-8AE7-12624DE309D0}.Release|Any CPU.ActiveCfg = Release|Any CPU
		{3C20E51D-4F5C-4F12-8AE7-12624DE309D0}.Release|Any CPU.Build.0 = Release|Any CPU
		{A547570F-D46D-4414-9B55-159CFB912D5A}.Debug|Any CPU.ActiveCfg = Debug|Any CPU
		{A547570F-D46D-4414-9B55-159CFB912D5A}.Debug|Any CPU.Build.0 = Debug|Any CPU
		{A547570F-D46D-4414-9B55-159CFB912D5A}.Release|Any CPU.ActiveCfg = Release|Any CPU
		{A547570F-D46D-4414-9B55-159CFB912D5A}.Release|Any CPU.Build.0 = Release|Any CPU
		{E21ED5B7-C250-46E3-BCF2-DD9A06AC359D}.Debug|Any CPU.ActiveCfg = Debug|Any CPU
		{E21ED5B7-C250-46E3-BCF2-DD9A06AC359D}.Debug|Any CPU.Build.0 = Debug|Any CPU
		{E21ED5B7-C250-46E3-BCF2-DD9A06AC359D}.Release|Any CPU.ActiveCfg = Release|Any CPU
		{E21ED5B7-C250-46E3-BCF2-DD9A06AC359D}.Release|Any CPU.Build.0 = Release|Any CPU
		{1B10C554-53B0-4878-B934-A99B1DD11567}.Debug|Any CPU.ActiveCfg = Debug|Any CPU
		{1B10C554-53B0-4878-B934-A99B1DD11567}.Debug|Any CPU.Build.0 = Debug|Any CPU
		{1B10C554-53B0-4878-B934-A99B1DD11567}.Release|Any CPU.ActiveCfg = Release|Any CPU
		{1B10C554-53B0-4878-B934-A99B1DD11567}.Release|Any CPU.Build.0 = Release|Any CPU
	EndGlobalSection
	GlobalSection(SolutionProperties) = preSolution
		HideSolutionNode = FALSE
	EndGlobalSection
EndGlobal
